
Microsoft Visual Studio Solution File, Format Version 12.00
# Visual Studio Version 16
VisualStudioVersion = 16.0.31911.196
MinimumVisualStudioVersion = 10.0.40219.1
Project("{FAE04EC0-301F-11D3-BF4B-00C04F79EFBC}") = "Lab7", "Lab7\Lab7.csproj", "{9088ED03-AA4E-47E9-881A-294717B85474}"
EndProject
Project("{FAE04EC0-301F-11D3-BF4B-00C04F79EFBC}") = "2", "2\2.csproj", "{4782E423-D256-48A5-91E3-14C9715DB9C9}"
EndProject
Global
	GlobalSection(SolutionConfigurationPlatforms) = preSolution
		Debug|Any CPU = Debug|Any CPU
		Release|Any CPU = Release|Any CPU
	EndGlobalSection
	GlobalSection(ProjectConfigurationPlatforms) = postSolution
		{9088ED03-AA4E-47E9-881A-294717B85474}.Debug|Any CPU.ActiveCfg = Debug|Any CPU
		{9088ED03-AA4E-47E9-881A-294717B85474}.Debug|Any CPU.Build.0 = Debug|Any CPU
		{9088ED03-AA4E-47E9-881A-294717B85474}.Release|Any CPU.ActiveCfg = Release|Any CPU
		{9088ED03-AA4E-47E9-881A-294717B85474}.Release|Any CPU.Build.0 = Release|Any CPU
		{4782E423-D256-48A5-91E3-14C9715DB9C9}.Debug|Any CPU.ActiveCfg = Debug|Any CPU
		{4782E423-D256-48A5-91E3-14C9715DB9C9}.Debug|Any CPU.Build.0 = Debug|Any CPU
		{4782E423-D256-48A5-91E3-14C9715DB9C9}.Release|Any CPU.ActiveCfg = Release|Any CPU
		{4782E423-D256-48A5-91E3-14C9715DB9C9}.Release|Any CPU.Build.0 = Release|Any CPU
	EndGlobalSection
	GlobalSection(SolutionProperties) = preSolution
		HideSolutionNode = FALSE
	EndGlobalSection
	GlobalSection(ExtensibilityGlobals) = postSolution
		SolutionGuid = {1F1E4E81-552A-4550-A6BB-117316670CFE}
	EndGlobalSection
EndGlobal
